filippo.io/edwards25519 v1.2.0 h1:crnVqOiS4jqYleHd9vaKZ+HKtHfllngJIiOpNpoJsjo=
filippo.io/edwards25519 v1.2.0/go.mod h1:xzAOLCNug/yB62zG1bQ8uziwrIqIuxhctzJT18Q77mc=
github.com/DATA-DOG/go-sqlmock v1.5.0 h1:Shsta01QNfFxHCfpW6YH2STWB0MudeXXEWMr20OEh60=
github.com/DATA-DOG/go-sqlmock v1.5.0/go.mod h1:f/Ixk793poVmq4qj/V1dPUg2JEAKC73Q5eFN3EC/SaM=
github.com/aws/aws-sdk-go-v2 v1.43.0 h1:fharf/WhbRAVZ1du0QL7roNFxZ6T/sWr+4Ni617bwSI=
github.com/aws/aws-sdk-go-v2 v1.43.0/go.mod h1:5pKeft2eJj+gElQ38Jqg4ibCqh+/AK33/0X3hip7IjM=
github.com/aws/aws-sdk-go-v2/aws/protocol/eventstream v1.7.14 h1:3IZY0XAJquT3aHzbkHfPzy4ACPcEjVG0x87KOwtpqGY=
github.com/aws/aws-sdk-go-v2/aws/protocol/eventstream v1.7.14/go.mod h1:zwM6veDkhGgQFqkBy+uT28AAYpLu+uFMlPl+rCg/73E=
github.com/aws/aws-sdk-go-v2/config v1.32.30 h1:XwsEzpTJfQYJbFicz/QMLwAZdyeNVVoOEkbF7R3gPJk=
github.com/aws/aws-sdk-go-v2/config v1.32.30/go.mod h1:Ud32SuMc+/9BGxfpSVld7HrE2o05JwKmXY4M3jOQNZU=
github.com/aws/aws-sdk-go-v2/credentials v1.19.30 h1:TTCvvzFU6gXa4iJecNG/0F/B0oYTiazoRECr2XyLHrY=
github.com/aws/aws-sdk-go-v2/credentials v1.19.30/go.mod h1:jKxAp2AEncnliinzpgOSZDFv6+VjvWhjw/AtbfsWT9U=
github.com/aws/aws-sdk-go-v2/feature/ec2/imds v1.18.31 h1:kfVL5wAunCJycL6MOQ6aNh6PlAYEymflcjuKmrWUA0o=
github.com/aws/aws-sdk-go-v2/feature/ec2/imds v1.18.31/go.mod h1:nWfRNDAppujCQgOUd43lKT4yeLv9z3nJ3bw1G3BgQKo=
github.com/aws/aws-sdk-go-v2/internal/configsources v1.4.31 h1:Z8F3hfCY33IGpJjFAnv0wvtv1FIKj1GHmRDEYqy64tw=
github.com/aws/aws-sdk-go-v2/internal/configsources v1.4.31/go.mod h1:aVyUoytEyOViR6jhq6jula0xkc5NfBE2hgeF6BvOrao=
github.com/aws/aws-sdk-go-v2/internal/endpoints/v2 v2.7.31 h1:hyOxUyXdh3AyjE93gBgsfziJag9ACwcs+ZpDBLzi8mw=
github.com/aws/aws-sdk-go-v2/internal/endpoints/v2 v2.7.31/go.mod h1:OERqI9k0draSLB8O8woxY3q25ZWTELRK4RRoLMuMZFo=
github.com/aws/aws-sdk-go-v2/internal/v4a v1.4.32 h1:0MrUL35H/Y4kdFfItoR5jCgtDQ4Z/8LudAoIHRfA4hE=
github.com/aws/aws-sdk-go-v2/internal/v4a v1.4.32/go.mod h1:2tNZkuWz54arj8mHVf+8Y7cKkcD8Wr/fBpENgEXpjLc=
github.com/aws/aws-sdk-go-v2/service/internal/accept-encoding v1.13.13 h1:mbRIur/BiHK6SKPjoBIXSE/hJ6g6JGRLuxQy1jGjlN4=
github.com/aws/aws-sdk-go-v2/service/internal/accept-encoding v1.13.13/go.mod h1:ITg9em2KbJx1s0y4aqRX5OYWG6HBZ5TVR//OdpEZ2CQ=
github.com/aws/aws-sdk-go-v2/service/internal/checksum v1.9.23 h1:9Fjh6fi/U5JEStVZijmaMpUwE/gvBJj7x2B/PjbO9To=
github.com/aws/aws-sdk-go-v2/service/internal/checksum v1.9.23/go.mod h1:iMoT2f1tClxrWAAnKCXjZQ6LOmfLrMG14wmnWpM+F14=
github.com/aws/aws-sdk-go-v2/service/internal/presigned-url v1.13.31 h1:w2SIhW92DZPFrSL4ksVCr8IYff5OZwIcxg8+95tzvAI=
github.com/aws/aws-sdk-go-v2/service/internal/presigned-url v1.13.31/go.mod h1:wAhpCQbkov+IcvjozJbd2xRCoZybUEHNkcFunssNACg=
github.com/aws/aws-sdk-go-v2/service/internal/s3shared v1.19.31 h1:uao4A3QZ5UmB326V6KF+qRpv9Tjz7IlnlnTbbANntlU=
github.com/aws/aws-sdk-go-v2/service/internal/s3shared v1.19.31/go.mod h1:I/1+z0VwL1GhQyLgkoHDlygpUZ+iTAwOQ/NsftiUL2I=
github.com/aws/aws-sdk-go-v2/service/s3 v1.105.2 h1:5C00eQYpTrgQXnp6V3P6P7zPElna3AXvlukbANE6nJI=
github.com/aws/aws-sdk-go-v2/service/s3 v1.105.2/go.mod h1:zdmCoFO/dSI7GlrwsPqFJI+WlFnSU4Tc8TJnlXrM1Do=
github.com/aws/aws-sdk-go-v2/service/signin v1.5.0 h1:OHH5iTQvVGmfHjX/5Q+vFuA/Rf2x6/95aJ/75QCQSm4=
github.com/aws/aws-sdk-go-v2/service/signin v1.5.0/go.mod h1:mCF3AK9PpL49oOrhniUXWAfhVBVQ/XbytoE5eccZUIs=
github.com/aws/aws-sdk-go-v2/service/sso v1.33.0 h1:CaJyYhxBE0M/HJX/YvSaSmQlsI91VHB0lKU8LtLxL3A=
github.com/aws/aws-sdk-go-v2/service/sso v1.33.0/go.mod h1:+e6BMRMPjBQoCw/WovYR9GLy2IU0z4Q77smOB1DraSg=
github.com/aws/aws-sdk-go-v2/service/ssooidc v1.38.0 h1:tC323YV77QdafeBr6LUhLDTsboyuyHLNRwAyCP44kGU=
github.com/aws/aws-sdk-go-v2/service/ssooidc v1.38.0/go.mod h1:SfLK1sgviHmbI+MozR9iDwDjL4cdCVZtahsjoR+z7wg=
github.com/aws/aws-sdk-go-v2/service/sts v1.45.0 h1:Pd6PNlp4t8PTXxqzstICl52Wsy78vpjFZ7PRUj44mJc=
github.com/aws/aws-sdk-go-v2/service/sts v1.45.0/go.mod h1:rmQ0TnHzuLPmabgjPcsywhsSOmaBDgzR4zvDxSPsGdg=
github.com/aws/smithy-go v1.27.3 h1:F3Zb497UhhskkfpJmfkXswyo+t0sh9OTBnIHjogWbVY=
github.com/aws/smithy-go v1.27.3/go.mod h1:YE2RhdIuDbA5E5bTdciG9KrW3+TiEONeUWCqxX9i1Fc=
github.com/davecgh/go-spew v1.1.0 h1:ZDRjVQ15GmhC3fiQ8ni8+OwkZQO4DARzQgrnXU1Liz8=
github.com/davecgh/go-spew v1.1.0/go.mod h1:J7Y8YcW2NihsgmVo/mv3lAwl/skON4iLHjSsI+c5H38=
github.com/go-sql-driver/mysql v1.10.0 h1:Q+1LV8DkHJvSYAdR83XzuhDaTykuDx0l6fkXxoWCWfw=
github.com/go-sql-driver/mysql v1.10.0/go.mod h1:M+cqaI7+xxXGG9swrdeUIoPG3Y3KCkF0pZej+SK+nWk=
github.com/jamf/go-mysqldump v0.8.1 h1:xw0keMzL0SFydzcxcHSyrjuUWo/ETc2axWsN7qrCYOE=
github.com/jamf/go-mysqldump v0.8.1/go.mod h1:YWqhOv9PfioqsO59t/DziO8gFEHw8G2vV6qBlFCdHIM=
github.com/pmezard/go-difflib v1.0.0 h1:4DBwDE0NGyQoBHbLQYPwSUPoCMWR5BEzIk/f1lZbAQM=
github.com/pmezard/go-difflib v1.0.0/go.mod h1:iKH77koFhYxTK1pcRnkKkqfTogsbg7gZNVY4sRDYZ/4=
github.com/stretchr/objx v0.1.0/go.mod h1:HFkY916IF+rwdDfMAkV7OtwuqBVzrE8GR6GFx+wExME=
github.com/stretchr/testify v1.7.0 h1:nwc3DEeHmmLAfoZucVR881uASk0Mfjw8xYJ99tb5CcY=
github.com/stretchr/testify v1.7.0/go.mod h1:6Fq8oRcR53rry900zMqJjRRixrwX3KX962/h/Wwjteg=
gopkg.in/check.v1 v0.0.0-20161208181325-20d25e280405/go.mod h1:Co6ibVJAznAaIkqp8huTwlJQCZ016jof/cbN4VW5Yz0=
gopkg.in/yaml.v3 v3.0.0-20200313102051-9f266ea9e77c h1:dUUwHk2QECo/6vqA44rthZ8ie2QXMNeKRTHCNY2nXvo=
gopkg.in/yaml.v3 v3.0.0-20200313102051-9f266ea9e77c/go.mod h1:K4uyk7z7BCEPqu6E+C64Yfv1cQ7kz7rIZviUmN+EgEM=
